<?xml version="1.0" encoding="utf-8"?>
<Project ToolsVersion="4.0" xmlns="http://schemas.microsoft.com/developer/msbuild/2003">
  <ItemGroup>
    <Filter Include="源文件">
      <UniqueIdentifier>{4FC737F1-C7A5-4376-A066-2A32D752A2FF}</UniqueIdentifier>
      <Extensions>cpp;c;cc;cxx;c++;cppm;ixx;def;odl;idl;hpj;bat;asm;asmx</Extensions>
    </Filter>
    <Filter Include="头文件">
      <UniqueIdentifier>{93995380-89BD-4b04-88EB-625FBE52EBFB}</UniqueIdentifier>
      <Extensions>h;hh;hpp;hxx;h++;hm;inl;inc;ipp;xsd</Extensions>
    </Filter>
    <Filter Include="资源文件">
      <UniqueIdentifier>{67DA6AB6-F800-4c08-8B7A-83BB121AAD01}</UniqueIdentifier>
      <Extensions>rc;ico;cur;bmp;dlg;rc2;rct;bin;rgs;gif;jpg;jpeg;jpe;resx;tiff;tif;png;wav;mfcribbon-ms</Extensions>
    </Filter>
    <Filter Include="ImGui">
      <UniqueIdentifier>{dc905b91-abf4-4319-bedb-ea165f743d97}</UniqueIdentifier>
    </Filter>
    <Filter Include="myimgui">
      <UniqueIdentifier>{16a2bed5-4f7c-49d0-9770-8af33e03380c}</UniqueIdentifier>
    </Filter>
    <Filter Include="cheat">
      <UniqueIdentifier>{a01439ee-7427-4536-82cd-d934d1abcc80}</UniqueIdentifier>
    </Filter>
    <Filter Include="Menu">
      <UniqueIdentifier>{db42c215-8db1-435d-a610-08a32b2cb0c4}</UniqueIdentifier>
    </Filter>
    <Filter Include="工具类">
      <UniqueIdentifier>{e58f54e6-1b0d-4c19-a5e7-b5fabce4b4ba}</UniqueIdentifier>
    </Filter>
    <Filter Include="output">
      <UniqueIdentifier>{d762c083-3653-4e42-9e74-adf98949ac8c}</UniqueIdentifier>
    </Filter>
    <Filter Include="address">
      <UniqueIdentifier>{65a6ef17-067b-4bff-8cc7-e17015db1a4c}</UniqueIdentifier>
    </Filter>
  </ItemGroup>
  <ItemGroup>
    <ClCompile Include="main.cpp">
      <Filter>源文件</Filter>
    </ClCompile>
    <ClCompile Include="ImGui\imgui.cpp">
      <Filter>ImGui</Filter>
    </ClCompile>
    <ClCompile Include="ImGui\imgui_demo.cpp">
      <Filter>ImGui</Filter>
    </ClCompile>
    <ClCompile Include="ImGui\imgui_draw.cpp">
      <Filter>ImGui</Filter>
    </ClCompile>
    <ClCompile Include="ImGui\imgui_impl_dx11.cpp">
      <Filter>ImGui</Filter>
    </ClCompile>
    <ClCompile Include="ImGui\imgui_impl_win32.cpp">
      <Filter>ImGui</Filter>
    </ClCompile>
    <ClCompile Include="ImGui\imgui_tables.cpp">
      <Filter>ImGui</Filter>
    </ClCompile>
    <ClCompile Include="ImGui\imgui_widgets.cpp">
      <Filter>ImGui</Filter>
    </ClCompile>
    <ClCompile Include="myimgui.cpp">
      <Filter>myimgui</Filter>
    </ClCompile>
    <ClCompile Include="cheat.cpp">
      <Filter>cheat</Filter>
    </ClCompile>
    <ClCompile Include="Menu.cpp">
      <Filter>Menu</Filter>
    </ClCompile>
    <ClCompile Include="aimbot.cpp">
      <Filter>源文件</Filter>
    </ClCompile>
    <ClCompile Include="tool.cpp">
      <Filter>工具类</Filter>
    </ClCompile>
    <ClCompile Include="esp.cpp">
      <Filter>源文件</Filter>
    </ClCompile>
  </ItemGroup>
  <ItemGroup>
    <ClInclude Include="ImGui\imconfig.h">
      <Filter>ImGui</Filter>
    </ClInclude>
    <ClInclude Include="ImGui\imgui.h">
      <Filter>ImGui</Filter>
    </ClInclude>
    <ClInclude Include="ImGui\imgui_impl_dx11.h">
      <Filter>ImGui</Filter>
    </ClInclude>
    <ClInclude Include="ImGui\imgui_impl_win32.h">
      <Filter>ImGui</Filter>
    </ClInclude>
    <ClInclude Include="ImGui\imgui_internal.h">
      <Filter>ImGui</Filter>
    </ClInclude>
    <ClInclude Include="ImGui\imstb_rectpack.h">
      <Filter>ImGui</Filter>
    </ClInclude>
    <ClInclude Include="ImGui\imstb_textedit.h">
      <Filter>ImGui</Filter>
    </ClInclude>
    <ClInclude Include="ImGui\imstb_truetype.h">
      <Filter>ImGui</Filter>
    </ClInclude>
    <ClInclude Include="myimgui.h">
      <Filter>myimgui</Filter>
    </ClInclude>
    <ClInclude Include="cheat.h">
      <Filter>cheat</Filter>
    </ClInclude>
    <ClInclude Include="Menu.h">
      <Filter>Menu</Filter>
    </ClInclude>
    <ClInclude Include="tool.h">
      <Filter>工具类</Filter>
    </ClInclude>
    <ClInclude Include="esp.h">
      <Filter>头文件</Filter>
    </ClInclude>
    <ClInclude Include="tools\XorStr.h">
      <Filter>工具类</Filter>
    </ClInclude>
    <ClInclude Include="output\worldrenderer_dll.hpp">
      <Filter>output</Filter>
    </ClInclude>
    <ClInclude Include="output\vphysics2_dll.hpp">
      <Filter>output</Filter>
    </ClInclude>
    <ClInclude Include="output\soundsystem_dll.hpp">
      <Filter>output</Filter>
    </ClInclude>
    <ClInclude Include="output\server_dll.hpp">
      <Filter>output</Filter>
    </ClInclude>
    <ClInclude Include="output\schemasystem_dll.hpp">
      <Filter>output</Filter>
    </ClInclude>
    <ClInclude Include="output\scenesystem_dll.hpp">
      <Filter>output</Filter>
    </ClInclude>
    <ClInclude Include="output\resourcesystem_dll.hpp">
      <Filter>output</Filter>
    </ClInclude>
    <ClInclude Include="output\rendersystemdx11_dll.hpp">
      <Filter>output</Filter>
    </ClInclude>
    <ClInclude Include="output\pulse_system_dll.hpp">
      <Filter>output</Filter>
    </ClInclude>
    <ClInclude Include="output\particles_dll.hpp">
      <Filter>output</Filter>
    </ClInclude>
    <ClInclude Include="output\panorama_dll.hpp">
      <Filter>output</Filter>
    </ClInclude>
    <ClInclude Include="output\networksystem_dll.hpp">
      <Filter>output</Filter>
    </ClInclude>
    <ClInclude Include="output\materialsystem2_dll.hpp">
      <Filter>output</Filter>
    </ClInclude>
    <ClInclude Include="output\host_dll.hpp">
      <Filter>output</Filter>
    </ClInclude>
    <ClInclude Include="output\engine2_dll.hpp">
      <Filter>output</Filter>
    </ClInclude>
    <ClInclude Include="output\client_dll.hpp">
      <Filter>output</Filter>
    </ClInclude>
    <ClInclude Include="output\animationsystem_dll.hpp">
      <Filter>output</Filter>
    </ClInclude>
    <ClInclude Include="output\offsets.hpp">
      <Filter>output</Filter>
    </ClInclude>
    <ClInclude Include="output\interfaces.hpp">
      <Filter>output</Filter>
    </ClInclude>
    <ClInclude Include="output\buttons.hpp">
      <Filter>output</Filter>
    </ClInclude>
    <ClInclude Include="angle.h">
      <Filter>头文件</Filter>
    </ClInclude>
    <ClInclude Include="address\游戏进程.h">
      <Filter>头文件</Filter>
    </ClInclude>
    <ClInclude Include="main.h">
      <Filter>头文件</Filter>
    </ClInclude>
    <ClInclude Include="tools\Mem.h">
      <Filter>头文件</Filter>
    </ClInclude>
    <ClInclude Include="aimbot.h">
      <Filter>头文件</Filter>
    </ClInclude>
  </ItemGroup>
  <ItemGroup>
    <None Include="imgui.ini" />
  </ItemGroup>
</Project>